Microsoft Visual Studio Solution File, Format Version 12.00
# Visual Studio Version 17
VisualStudioVersion = 17.5.2.0
MinimumVisualStudioVersion = 10.0.40219.1
Project("{2150E333-8FDC-42A3-9474-1A3956D46DE8}") = "referenced_code", "referenced_code", "{D9F50397-F735-376E-DB2D-7B60BD305BF2}"
EndProject
Project("{2150E333-8FDC-42A3-9474-1A3956D46DE8}") = "5.1", "5.1", "{17B8B440-BEBA-309B-C36E-B4F6A37F322A}"
EndProject
Project("{2150E333-8FDC-42A3-9474-1A3956D46DE8}") = "Core", "Core", "{027FF8E2-5A99-D19C-23EA-84475AB41FDB}"
EndProject
Project("{FAE04EC0-301F-11D3-BF4B-00C04F79EFBC}") = "WATS-Core", "referenced_code\5.1\Core\WATS-Core.csproj", "{6DC60A2E-4958-D233-14EC-2DC5873D2523}"
EndProject
Project("{FAE04EC0-301F-11D3-BF4B-00C04F79EFBC}") = "Interface.MES", "referenced_code\5.1\Interface.MES\Interface.MES.csproj", "{0E128855-BD0A-3146-0FD3-881C803E2E04}"
EndProject
Project("{FAE04EC0-301F-11D3-BF4B-00C04F79EFBC}") = "Interface.TDM", "referenced_code\5.1\Interface.TDM\Interface.TDM.csproj", "{40BCA355-52E5-8517-FBAB-8CA36A2CA6E3}"
EndProject
Project("{FAE04EC0-301F-11D3-BF4B-00C04F79EFBC}") = "WATS Client API", "referenced_code\5.1\WATS Client API\WATS Client API.csproj", "{5530D96B-3BF9-9BEB-C3E8-825DDFB89F8F}"
EndProject
Project("{FAE04EC0-301F-11D3-BF4B-00C04F79EFBC}") = "WATS Client Configurator", "referenced_code\5.1\WATS Client Configurator\WATS Client Configurator.csproj", "{729B25FD-763E-672B-6F50-0CE1ACFC0968}"
EndProject
Project("{FAE04EC0-301F-11D3-BF4B-00C04F79EFBC}") = "WATS Client Package Manager", "referenced_code\5.1\WATS Client Package Manager\WATS Client Package Manager.csproj", "{62F486EB-4E3E-19E7-A30B-9CFFD9539B04}"
EndProject
Project("{FAE04EC0-301F-11D3-BF4B-00C04F79EFBC}") = "WATS Client Service", "referenced_code\5.1\WATS Client Service\WATS Client Service.csproj", "{AF079182-CCEF-FA95-B71C-0AD777923700}"
EndProject
Project("{FAE04EC0-301F-11D3-BF4B-00C04F79EFBC}") = "WATS Client Service DebugApp", "referenced_code\5.1\WATS Client Service DebugApp\WATS Client Service DebugApp.csproj", "{57C28121-0D69-2ADF-6FDC-2F3D31014715}"
EndProject
Project("{FAE04EC0-301F-11D3-BF4B-00C04F79EFBC}") = "WATS Client Shared Services", "referenced_code\5.1\WATS Client Shared Services\WATS Client Shared Services.csproj", "{0726B298-045F-2E8B-0F44-1EB616304056}"
EndProject
Project("{FAE04EC0-301F-11D3-BF4B-00C04F79EFBC}") = "WATS Client Status Monitor", "referenced_code\5.1\WATS Client Status Monitor\WATS Client Status Monitor.csproj", "{B1A623DA-629F-19F1-2062-681DDE6E8230}"
EndProject
Project("{2150E333-8FDC-42A3-9474-1A3956D46DE8}") = "core", "core", "{6756AC5F-F0B0-F8B1-D0EE-945549B41294}"
EndProject
Project("{FAE04EC0-301F-11D3-BF4B-00C04F79EFBC}") = "Client.Tests", "referenced_code\core\Client.Tests\Client.Tests.csproj", "{E202B21D-4AE1-A349-3DD9-FC817744E458}"
EndProject
Project("{2150E333-8FDC-42A3-9474-1A3956D46DE8}") = "Contract.MES", "Contract.MES", "{BCABA755-654C-0755-E897-8F81224FB73B}"
EndProject
Project("{FAE04EC0-301F-11D3-BF4B-00C04F79EFBC}") = "MesContract", "referenced_code\core\Contract.MES\MesContract.csproj", "{8B1D0A46-7403-9BE6-3136-F9A98227E591}"
EndProject
Project("{FAE04EC0-301F-11D3-BF4B-00C04F79EFBC}") = "Contract.MES.FW35", "referenced_code\core\Contract.MES.FW35\Contract.MES.FW35.csproj", "{EA058E62-DDE0-5800-7D50-C00DDE5B2062}"
EndProject
Project("{2150E333-8FDC-42A3-9474-1A3956D46DE8}") = "Core", "Core", "{636CCB48-7148-1E2D-1B28-289EB762A9B2}"
EndProject
Project("{FAE04EC0-301F-11D3-BF4B-00C04F79EFBC}") = "WATS-Core", "referenced_code\core\Core\WATS-Core.csproj", "{62E03A95-D80E-B3CF-A723-87712BABE606}"
EndProject
Project("{FAE04EC0-301F-11D3-BF4B-00C04F79EFBC}") = "DataAccess API", "referenced_code\core\DataAccess API\DataAccess API.csproj", "{73FD7384-E0BA-7684-4F5A-72F4DE359E79}"
EndProject
Project("{FAE04EC0-301F-11D3-BF4B-00C04F79EFBC}") = "DataAccess.Tests", "referenced_code\core\DataAccess.Tests\DataAccess.Tests.csproj", "{1688A733-447B-FBBC-6ED0-90405233B5AE}"
EndProject
Project("{FAE04EC0-301F-11D3-BF4B-00C04F79EFBC}") = "Interface.MES", "referenced_code\core\Interface.MES\Interface.MES.csproj", "{92CB658B-8B06-E88F-1A22-29727A56F19A}"
EndProject
Project("{FAE04EC0-301F-11D3-BF4B-00C04F79EFBC}") = "Interface.TDM", "referenced_code\core\Interface.TDM\Interface.TDM.csproj", "{33C4793B-F6AE-2F71-AC8F-3E80A66BB123}"
EndProject
Project("{FAE04EC0-301F-11D3-BF4B-00C04F79EFBC}") = "WATS Client Configurator", "referenced_code\core\WATS Client Configurator\WATS Client Configurator.csproj", "{CA58E652-9D98-8ECE-749E-03E2479CE59F}"
EndProject
Project("{FAE04EC0-301F-11D3-BF4B-00C04F79EFBC}") = "WATS Client Package Manager", "referenced_code\core\WATS Client Package Manager\WATS Client Package Manager.csproj", "{CDB94382-8776-E747-CFB9-289B33D581FB}"
EndProject
Project("{FAE04EC0-301F-11D3-BF4B-00C04F79EFBC}") = "WATS Client Service", "referenced_code\core\WATS Client Service\WATS Client Service.csproj", "{8607C11C-BAC9-18D4-6C60-661FE3858496}"
EndProject
Project("{FAE04EC0-301F-11D3-BF4B-00C04F79EFBC}") = "WATS Client Service DebugApp", "referenced_code\core\WATS Client Service DebugApp\WATS Client Service DebugApp.csproj", "{8EE3F2C4-58C0-3312-1231-99EFF5581ED2}"
EndProject
Project("{FAE04EC0-301F-11D3-BF4B-00C04F79EFBC}") = "WATS Client Status Monitor", "referenced_code\core\WATS Client Status Monitor\WATS Client Status Monitor.csproj", "{E5349654-916D-26CF-23A6-8F27EE9983ED}"
EndProject
Project("{FAE04EC0-301F-11D3-BF4B-00C04F79EFBC}") = "WATS Client Yield Monitor", "referenced_code\core\WATS Client Yield Monitor\WATS Client Yield Monitor.csproj", "{9AA7C100-112A-7453-E9E3-9A6E7134AD9F}"
EndProject
Project("{2150E333-8FDC-42A3-9474-1A3956D46DE8}") = "Converters", "Converters", "{795F9BA5-4475-EB9B-8C84-303C7F2267B0}"
EndProject
Project("{FAE04EC0-301F-11D3-BF4B-00C04F79EFBC}") = "PatchUtil", "referenced_code\5.1\Converters\PatchUtil\PatchUtil.csproj", "{E630F96E-B91C-B944-8C4B-A03493585A61}"
EndProject
Project("{FAE04EC0-301F-11D3-BF4B-00C04F79EFBC}") = "WATSStandardConverters", "referenced_code\5.1\Converters\WATSStandardConverters\WATSStandardConverters.csproj", "{06572CFB-A21C-C6DE-DC76-795544862124}"
EndProject
Project("{2150E333-8FDC-42A3-9474-1A3956D46DE8}") = "Converters", "Converters", "{8973BA73-FBAE-49A3-A27F-916911F520F0}"
EndProject
Project("{FAE04EC0-301F-11D3-BF4B-00C04F79EFBC}") = "PatchUtil", "referenced_code\core\Converters\PatchUtil\PatchUtil.csproj", "{618B88C7-9187-E18B-9511-B67EFC66E63C}"
EndProject
Project("{FAE04EC0-301F-11D3-BF4B-00C04F79EFBC}") = "WATSStandardConverters", "referenced_code\core\Converters\WATSStandardConverters\WATSStandardConverters.csproj", "{FB036857-CD3D-0BE3-2231-D82932EA39CC}"
EndProject
Global
	GlobalSection(SolutionConfigurationPlatforms) = preSolution
		Debug|Any CPU = Debug|Any CPU
		Release|Any CPU = Release|Any CPU
	EndGlobalSection
	GlobalSection(ProjectConfigurationPlatforms) = postSolution
		{6DC60A2E-4958-D233-14EC-2DC5873D2523}.Debug|Any CPU.ActiveCfg = Debug|Any CPU
		{6DC60A2E-4958-D233-14EC-2DC5873D2523}.Debug|Any CPU.Build.0 = Debug|Any CPU
		{6DC60A2E-4958-D233-14EC-2DC5873D2523}.Release|Any CPU.ActiveCfg = Release|Any CPU
		{6DC60A2E-4958-D233-14EC-2DC5873D2523}.Release|Any CPU.Build.0 = Release|Any CPU
		{0E128855-BD0A-3146-0FD3-881C803E2E04}.Debug|Any CPU.ActiveCfg = Debug|Any CPU
		{0E128855-BD0A-3146-0FD3-881C803E2E04}.Debug|Any CPU.Build.0 = Debug|Any CPU
		{0E128855-BD0A-3146-0FD3-881C803E2E04}.Release|Any CPU.ActiveCfg = Release|Any CPU
		{0E128855-BD0A-3146-0FD3-881C803E2E04}.Release|Any CPU.Build.0 = Release|Any CPU
		{40BCA355-52E5-8517-FBAB-8CA36A2CA6E3}.Debug|Any CPU.ActiveCfg = Debug|Any CPU
		{40BCA355-52E5-8517-FBAB-8CA36A2CA6E3}.Debug|Any CPU.Build.0 = Debug|Any CPU
		{40BCA355-52E5-8517-FBAB-8CA36A2CA6E3}.Release|Any CPU.ActiveCfg = Release|Any CPU
		{40BCA355-52E5-8517-FBAB-8CA36A2CA6E3}.Release|Any CPU.Build.0 = Release|Any CPU
		{5530D96B-3BF9-9BEB-C3E8-825DDFB89F8F}.Debug|Any CPU.ActiveCfg = Debug|Any CPU
		{5530D96B-3BF9-9BEB-C3E8-825DDFB89F8F}.Debug|Any CPU.Build.0 = Debug|Any CPU
		{5530D96B-3BF9-9BEB-C3E8-825DDFB89F8F}.Release|Any CPU.ActiveCfg = Release|Any CPU
		{5530D96B-3BF9-9BEB-C3E8-825DDFB89F8F}.Release|Any CPU.Build.0 = Release|Any CPU
		{729B25FD-763E-672B-6F50-0CE1ACFC0968}.Debug|Any CPU.ActiveCfg = Debug|Any CPU
		{729B25FD-763E-672B-6F50-0CE1ACFC0968}.Debug|Any CPU.Build.0 = Debug|Any CPU
		{729B25FD-763E-672B-6F50-0CE1ACFC0968}.Release|Any CPU.ActiveCfg = Release|Any CPU
		{729B25FD-763E-672B-6F50-0CE1ACFC0968}.Release|Any CPU.Build.0 = Release|Any CPU
		{62F486EB-4E3E-19E7-A30B-9CFFD9539B04}.Debug|Any CPU.ActiveCfg = Debug|Any CPU
		{62F486EB-4E3E-19E7-A30B-9CFFD9539B04}.Debug|Any CPU.Build.0 = Debug|Any CPU
		{62F486EB-4E3E-19E7-A30B-9CFFD9539B04}.Release|Any CPU.ActiveCfg = Release|Any CPU
		{62F486EB-4E3E-19E7-A30B-9CFFD9539B04}.Release|Any CPU.Build.0 = Release|Any CPU
		{AF079182-CCEF-FA95-B71C-0AD777923700}.Debug|Any CPU.ActiveCfg = Debug|Any CPU
		{AF079182-CCEF-FA95-B71C-0AD777923700}.Debug|Any CPU.Build.0 = Debug|Any CPU
		{AF079182-CCEF-FA95-B71C-0AD777923700}.Release|Any CPU.ActiveCfg = Release|Any CPU
		{AF079182-CCEF-FA95-B71C-0AD777923700}.Release|Any CPU.Build.0 = Release|Any CPU
		{57C28121-0D69-2ADF-6FDC-2F3D31014715}.Debug|Any CPU.ActiveCfg = Debug|Any CPU
		{57C28121-0D69-2ADF-6FDC-2F3D31014715}.Debug|Any CPU.Build.0 = Debug|Any CPU
		{57C28121-0D69-2ADF-6FDC-2F3D31014715}.Release|Any CPU.ActiveCfg = Release|Any CPU
		{57C28121-0D69-2ADF-6FDC-2F3D31014715}.Release|Any CPU.Build.0 = Release|Any CPU
		{0726B298-045F-2E8B-0F44-1EB616304056}.Debug|Any CPU.ActiveCfg = Debug|Any CPU
		{0726B298-045F-2E8B-0F44-1EB616304056}.Debug|Any CPU.Build.0 = Debug|Any CPU
		{0726B298-045F-2E8B-0F44-1EB616304056}.Release|Any CPU.ActiveCfg = Release|Any CPU
		{0726B298-045F-2E8B-0F44-1EB616304056}.Release|Any CPU.Build.0 = Release|Any CPU
		{B1A623DA-629F-19F1-2062-681DDE6E8230}.Debug|Any CPU.ActiveCfg = Debug|Any CPU
		{B1A623DA-629F-19F1-2062-681DDE6E8230}.Debug|Any CPU.Build.0 = Debug|Any CPU
		{B1A623DA-629F-19F1-2062-681DDE6E8230}.Release|Any CPU.ActiveCfg = Release|Any CPU
		{B1A623DA-629F-19F1-2062-681DDE6E8230}.Release|Any CPU.Build.0 = Release|Any CPU
		{E202B21D-4AE1-A349-3DD9-FC817744E458}.Debug|Any CPU.ActiveCfg = Debug|Any CPU
		{E202B21D-4AE1-A349-3DD9-FC817744E458}.Debug|Any CPU.Build.0 = Debug|Any CPU
		{E202B21D-4AE1-A349-3DD9-FC817744E458}.Release|Any CPU.ActiveCfg = Release|Any CPU
		{E202B21D-4AE1-A349-3DD9-FC817744E458}.Release|Any CPU.Build.0 = Release|Any CPU
		{8B1D0A46-7403-9BE6-3136-F9A98227E591}.Debug|Any CPU.ActiveCfg = Debug|Any CPU
		{8B1D0A46-7403-9BE6-3136-F9A98227E591}.Debug|Any CPU.Build.0 = Debug|Any CPU
		{8B1D0A46-7403-9BE6-3136-F9A98227E591}.Release|Any CPU.ActiveCfg = Release|Any CPU
		{8B1D0A46-7403-9BE6-3136-F9A98227E591}.Release|Any CPU.Build.0 = Release|Any CPU
		{EA058E62-DDE0-5800-7D50-C00DDE5B2062}.Debug|Any CPU.ActiveCfg = Debug|Any CPU
		{EA058E62-DDE0-5800-7D50-C00DDE5B2062}.Debug|Any CPU.Build.0 = Debug|Any CPU
		{EA058E62-DDE0-5800-7D50-C00DDE5B2062}.Release|Any CPU.ActiveCfg = Release|Any CPU
		{EA058E62-DDE0-5800-7D50-C00DDE5B2062}.Release|Any CPU.Build.0 = Release|Any CPU
		{62E03A95-D80E-B3CF-A723-87712BABE606}.Debug|Any CPU.ActiveCfg = Debug|Any CPU
		{62E03A95-D80E-B3CF-A723-87712BABE606}.Debug|Any CPU.Build.0 = Debug|Any CPU
		{62E03A95-D80E-B3CF-A723-87712BABE606}.Release|Any CPU.ActiveCfg = Release|Any CPU
		{62E03A95-D80E-B3CF-A723-87712BABE606}.Release|Any CPU.Build.0 = Release|Any CPU
		{73FD7384-E0BA-7684-4F5A-72F4DE359E79}.Debug|Any CPU.ActiveCfg = Debug|Any CPU
		{73FD7384-E0BA-7684-4F5A-72F4DE359E79}.Debug|Any CPU.Build.0 = Debug|Any CPU
		{73FD7384-E0BA-7684-4F5A-72F4DE359E79}.Release|Any CPU.ActiveCfg = Release|Any CPU
		{73FD7384-E0BA-7684-4F5A-72F4DE359E79}.Release|Any CPU.Build.0 = Release|Any CPU
		{1688A733-447B-FBBC-6ED0-90405233B5AE}.Debug|Any CPU.ActiveCfg = Debug|Any CPU
		{1688A733-447B-FBBC-6ED0-90405233B5AE}.Debug|Any CPU.Build.0 = Debug|Any CPU
		{1688A733-447B-FBBC-6ED0-90405233B5AE}.Release|Any CPU.ActiveCfg = Release|Any CPU
		{1688A733-447B-FBBC-6ED0-90405233B5AE}.Release|Any CPU.Build.0 = Release|Any CPU
		{92CB658B-8B06-E88F-1A22-29727A56F19A}.Debug|Any CPU.ActiveCfg = Debug|Any CPU
		{92CB658B-8B06-E88F-1A22-29727A56F19A}.Debug|Any CPU.Build.0 = Debug|Any CPU
		{92CB658B-8B06-E88F-1A22-29727A56F19A}.Release|Any CPU.ActiveCfg = Release|Any CPU
		{92CB658B-8B06-E88F-1A22-29727A56F19A}.Release|Any CPU.Build.0 = Release|Any CPU
		{33C4793B-F6AE-2F71-AC8F-3E80A66BB123}.Debug|Any CPU.ActiveCfg = Debug|Any CPU
		{33C4793B-F6AE-2F71-AC8F-3E80A66BB123}.Debug|Any CPU.Build.0 = Debug|Any CPU
		{33C4793B-F6AE-2F71-AC8F-3E80A66BB123}.Release|Any CPU.ActiveCfg = Release|Any CPU
		{33C4793B-F6AE-2F71-AC8F-3E80A66BB123}.Release|Any CPU.Build.0 = Release|Any CPU
		{CA58E652-9D98-8ECE-749E-03E2479CE59F}.Debug|Any CPU.ActiveCfg = Debug|Any CPU
		{CA58E652-9D98-8ECE-749E-03E2479CE59F}.Debug|Any CPU.Build.0 = Debug|Any CPU
		{CA58E652-9D98-8ECE-749E-03E2479CE59F}.Release|Any CPU.ActiveCfg = Release|Any CPU
		{CA58E652-9D98-8ECE-749E-03E2479CE59F}.Release|Any CPU.Build.0 = Release|Any CPU
		{CDB94382-8776-E747-CFB9-289B33D581FB}.Debug|Any CPU.ActiveCfg = Debug|Any CPU
		{CDB94382-8776-E747-CFB9-289B33D581FB}.Debug|Any CPU.Build.0 = Debug|Any CPU
		{CDB94382-8776-E747-CFB9-289B33D581FB}.Release|Any CPU.ActiveCfg = Release|Any CPU
		{CDB94382-8776-E747-CFB9-289B33D581FB}.Release|Any CPU.Build.0 = Release|Any CPU
		{8607C11C-BAC9-18D4-6C60-661FE3858496}.Debug|Any CPU.ActiveCfg = Debug|Any CPU
		{8607C11C-BAC9-18D4-6C60-661FE3858496}.Debug|Any CPU.Build.0 = Debug|Any CPU
		{8607C11C-BAC9-18D4-6C60-661FE3858496}.Release|Any CPU.ActiveCfg = Release|Any CPU
		{8607C11C-BAC9-18D4-6C60-661FE3858496}.Release|Any CPU.Build.0 = Release|Any CPU
		{8EE3F2C4-58C0-3312-1231-99EFF5581ED2}.Debug|Any CPU.ActiveCfg = Debug|Any CPU
		{8EE3F2C4-58C0-3312-1231-99EFF5581ED2}.Debug|Any CPU.Build.0 = Debug|Any CPU
		{8EE3F2C4-58C0-3312-1231-99EFF5581ED2}.Release|Any CPU.ActiveCfg = Release|Any CPU
		{8EE3F2C4-58C0-3312-1231-99EFF5581ED2}.Release|Any CPU.Build.0 = Release|Any CPU
		{E5349654-916D-26CF-23A6-8F27EE9983ED}.Debug|Any CPU.ActiveCfg = Debug|Any CPU
		{E5349654-916D-26CF-23A6-8F27EE9983ED}.Debug|Any CPU.Build.0 = Debug|Any CPU
		{E5349654-916D-26CF-23A6-8F27EE9983ED}.Release|Any CPU.ActiveCfg = Release|Any CPU
		{E5349654-916D-26CF-23A6-8F27EE9983ED}.Release|Any CPU.Build.0 = Release|Any CPU
		{9AA7C100-112A-7453-E9E3-9A6E7134AD9F}.Debug|Any CPU.ActiveCfg = Debug|Any CPU
		{9AA7C100-112A-7453-E9E3-9A6E7134AD9F}.Debug|Any CPU.Build.0 = Debug|Any CPU
		{9AA7C100-112A-7453-E9E3-9A6E7134AD9F}.Release|Any CPU.ActiveCfg = Release|Any CPU
		{9AA7C100-112A-7453-E9E3-9A6E7134AD9F}.Release|Any CPU.Build.0 = Release|Any CPU
		{E630F96E-B91C-B944-8C4B-A03493585A61}.Debug|Any CPU.ActiveCfg = Debug|Any CPU
		{E630F96E-B91C-B944-8C4B-A03493585A61}.Debug|Any CPU.Build.0 = Debug|Any CPU
		{E630F96E-B91C-B944-8C4B-A03493585A61}.Release|Any CPU.ActiveCfg = Release|Any CPU
		{E630F96E-B91C-B944-8C4B-A03493585A61}.Release|Any CPU.Build.0 = Release|Any CPU
		{06572CFB-A21C-C6DE-DC76-795544862124}.Debug|Any CPU.ActiveCfg = Debug|Any CPU
		{06572CFB-A21C-C6DE-DC76-795544862124}.Debug|Any CPU.Build.0 = Debug|Any CPU
		{06572CFB-A21C-C6DE-DC76-795544862124}.Release|Any CPU.ActiveCfg = Release|Any CPU
		{06572CFB-A21C-C6DE-DC76-795544862124}.Release|Any CPU.Build.0 = Release|Any CPU
		{618B88C7-9187-E18B-9511-B67EFC66E63C}.Debug|Any CPU.ActiveCfg = Debug|Any CPU
		{618B88C7-9187-E18B-9511-B67EFC66E63C}.Debug|Any CPU.Build.0 = Debug|Any CPU
		{618B88C7-9187-E18B-9511-B67EFC66E63C}.Release|Any CPU.ActiveCfg = Release|Any CPU
		{618B88C7-9187-E18B-9511-B67EFC66E63C}.Release|Any CPU.Build.0 = Release|Any CPU
		{FB036857-CD3D-0BE3-2231-D82932EA39CC}.Debug|Any CPU.ActiveCfg = Debug|Any CPU
		{FB036857-CD3D-0BE3-2231-D82932EA39CC}.Debug|Any CPU.Build.0 = Debug|Any CPU
		{FB036857-CD3D-0BE3-2231-D82932EA39CC}.Release|Any CPU.ActiveCfg = Release|Any CPU
		{FB036857-CD3D-0BE3-2231-D82932EA39CC}.Release|Any CPU.Build.0 = Release|Any CPU
	EndGlobalSection
	GlobalSection(SolutionProperties) = preSolution
		HideSolutionNode = FALSE
	EndGlobalSection
	GlobalSection(NestedProjects) = preSolution
		{17B8B440-BEBA-309B-C36E-B4F6A37F322A} = {D9F50397-F735-376E-DB2D-7B60BD305BF2}
		{027FF8E2-5A99-D19C-23EA-84475AB41FDB} = {17B8B440-BEBA-309B-C36E-B4F6A37F322A}
		{6DC60A2E-4958-D233-14EC-2DC5873D2523} = {027FF8E2-5A99-D19C-23EA-84475AB41FDB}
		{0E128855-BD0A-3146-0FD3-881C803E2E04} = {17B8B440-BEBA-309B-C36E-B4F6A37F322A}
		{40BCA355-52E5-8517-FBAB-8CA36A2CA6E3} = {17B8B440-BEBA-309B-C36E-B4F6A37F322A}
		{5530D96B-3BF9-9BEB-C3E8-825DDFB89F8F} = {17B8B440-BEBA-309B-C36E-B4F6A37F322A}
		{729B25FD-763E-672B-6F50-0CE1ACFC0968} = {17B8B440-BEBA-309B-C36E-B4F6A37F322A}
		{62F486EB-4E3E-19E7-A30B-9CFFD9539B04} = {17B8B440-BEBA-309B-C36E-B4F6A37F322A}
		{AF079182-CCEF-FA95-B71C-0AD777923700} = {17B8B440-BEBA-309B-C36E-B4F6A37F322A}
		{57C28121-0D69-2ADF-6FDC-2F3D31014715} = {17B8B440-BEBA-309B-C36E-B4F6A37F322A}
		{0726B298-045F-2E8B-0F44-1EB616304056} = {17B8B440-BEBA-309B-C36E-B4F6A37F322A}
		{B1A623DA-629F-19F1-2062-681DDE6E8230} = {17B8B440-BEBA-309B-C36E-B4F6A37F322A}
		{6756AC5F-F0B0-F8B1-D0EE-945549B41294} = {D9F50397-F735-376E-DB2D-7B60BD305BF2}
		{E202B21D-4AE1-A349-3DD9-FC817744E458} = {6756AC5F-F0B0-F8B1-D0EE-945549B41294}
		{BCABA755-654C-0755-E897-8F81224FB73B} = {6756AC5F-F0B0-F8B1-D0EE-945549B41294}
		{8B1D0A46-7403-9BE6-3136-F9A98227E591} = {BCABA755-654C-0755-E897-8F81224FB73B}
		{EA058E62-DDE0-5800-7D50-C00DDE5B2062} = {6756AC5F-F0B0-F8B1-D0EE-945549B41294}
		{636CCB48-7148-1E2D-1B28-289EB762A9B2} = {6756AC5F-F0B0-F8B1-D0EE-945549B41294}
		{62E03A95-D80E-B3CF-A723-87712BABE606} = {636CCB48-7148-1E2D-1B28-289EB762A9B2}
		{73FD7384-E0BA-7684-4F5A-72F4DE359E79} = {6756AC5F-F0B0-F8B1-D0EE-945549B41294}
		{1688A733-447B-FBBC-6ED0-90405233B5AE} = {6756AC5F-F0B0-F8B1-D0EE-945549B41294}
		{92CB658B-8B06-E88F-1A22-29727A56F19A} = {6756AC5F-F0B0-F8B1-D0EE-945549B41294}
		{33C4793B-F6AE-2F71-AC8F-3E80A66BB123} = {6756AC5F-F0B0-F8B1-D0EE-945549B41294}
		{CA58E652-9D98-8ECE-749E-03E2479CE59F} = {6756AC5F-F0B0-F8B1-D0EE-945549B41294}
		{CDB94382-8776-E747-CFB9-289B33D581FB} = {6756AC5F-F0B0-F8B1-D0EE-945549B41294}
		{8607C11C-BAC9-18D4-6C60-661FE3858496} = {6756AC5F-F0B0-F8B1-D0EE-945549B41294}
		{8EE3F2C4-58C0-3312-1231-99EFF5581ED2} = {6756AC5F-F0B0-F8B1-D0EE-945549B41294}
		{E5349654-916D-26CF-23A6-8F27EE9983ED} = {6756AC5F-F0B0-F8B1-D0EE-945549B41294}
		{9AA7C100-112A-7453-E9E3-9A6E7134AD9F} = {6756AC5F-F0B0-F8B1-D0EE-945549B41294}
		{795F9BA5-4475-EB9B-8C84-303C7F2267B0} = {17B8B440-BEBA-309B-C36E-B4F6A37F322A}
		{E630F96E-B91C-B944-8C4B-A03493585A61} = {795F9BA5-4475-EB9B-8C84-303C7F2267B0}
		{06572CFB-A21C-C6DE-DC76-795544862124} = {795F9BA5-4475-EB9B-8C84-303C7F2267B0}
		{8973BA73-FBAE-49A3-A27F-916911F520F0} = {6756AC5F-F0B0-F8B1-D0EE-945549B41294}
		{618B88C7-9187-E18B-9511-B67EFC66E63C} = {8973BA73-FBAE-49A3-A27F-916911F520F0}
		{FB036857-CD3D-0BE3-2231-D82932EA39CC} = {8973BA73-FBAE-49A3-A27F-916911F520F0}
	EndGlobalSection
	GlobalSection(ExtensibilityGlobals) = postSolution
		SolutionGuid = {0DF35690-C6C3-4694-804F-49637FFF9CA9}
	EndGlobalSection
EndGlobal
